
Microsoft Visual Studio Solution File, Format Version 12.00
# Visual Studio Version 17
VisualStudioVersion = 17.1.32120.378
MinimumVisualStudioVersion = 10.0.40219.1
Project("{2150E333-8FDC-42A3-9474-1A3956D46DE8}") = "src", "src", "{F81D36A9-7B10-4B38-9744-E78AC2BD5208}"
EndProject
Project("{9A19103F-16F7-4668-BE54-9A1E7A4F7556}") = "LeptonXDemoApp.Application", "LeptonXDemoApp.Application\LeptonXDemoApp.Application.csproj", "{ED6C6EAE-4ABB-421D-AF06-36332150134F}"
EndProject
Project("{9A19103F-16F7-4668-BE54-9A1E7A4F7556}") = "LeptonXDemoApp.Application.Contracts", "LeptonXDemoApp.Application.Contracts\LeptonXDemoApp.Application.Contracts.csproj", "{0E32351E-DFE7-4CCB-AA8E-E6444B11F092}"
EndProject
Project("{9A19103F-16F7-4668-BE54-9A1E7A4F7556}") = "LeptonXDemoApp.Blazor", "LeptonXDemoApp.Blazor\LeptonXDemoApp.Blazor.csproj", "{C487EBF1-7D37-4C22-9C9A-64C9535BCAE7}"
EndProject
Project("{9A19103F-16F7-4668-BE54-9A1E7A4F7556}") = "LeptonXDemoApp.Blazor.Server", "LeptonXDemoApp.Blazor.Server\LeptonXDemoApp.Blazor.Server.csproj", "{7CB6FCF5-A41F-43A2-A95F-489289A65C57}"
EndProject
Project("{9A19103F-16F7-4668-BE54-9A1E7A4F7556}") = "LeptonXDemoApp.Domain", "LeptonXDemoApp.Domain\LeptonXDemoApp.Domain.csproj", "{F931C084-DE99-488F-BE3E-EE0358D5CC8D}"
EndProject
Project("{9A19103F-16F7-4668-BE54-9A1E7A4F7556}") = "LeptonXDemoApp.Domain.Shared", "LeptonXDemoApp.Domain.Shared\LeptonXDemoApp.Domain.Shared.csproj", "{ED2A03E5-4A74-49CE-8CDC-5AE8FCCE04DE}"
EndProject
Project("{9A19103F-16F7-4668-BE54-9A1E7A4F7556}") = "LeptonXDemoApp.HttpApi", "LeptonXDemoApp.HttpApi\LeptonXDemoApp.HttpApi.csproj", "{A7BB06A0-B874-44AD-9734-8D251E9EB856}"
EndProject
Project("{9A19103F-16F7-4668-BE54-9A1E7A4F7556}") = "LeptonXDemoApp.HttpApi.Client", "LeptonXDemoApp.HttpApi.Client\LeptonXDemoApp.HttpApi.Client.csproj", "{4EAB8727-EC29-4C67-9D57-FC538F81FDBE}"
EndProject
Project("{9A19103F-16F7-4668-BE54-9A1E7A4F7556}") = "LeptonXDemoApp.HttpApi.Host", "LeptonXDemoApp.HttpApi.Host\LeptonXDemoApp.HttpApi.Host.csproj", "{AB4E82B0-19F0-4C8D-AC35-F69B75886E4A}"
EndProject
Project("{9A19103F-16F7-4668-BE54-9A1E7A4F7556}") = "LeptonXDemoApp.MongoDB", "LeptonXDemoApp.MongoDB\LeptonXDemoApp.MongoDB.csproj", "{4B137AF1-F079-445D-BBF6-83591E591DBE}"
EndProject
Project("{9A19103F-16F7-4668-BE54-9A1E7A4F7556}") = "LeptonXDemoApp.Web", "LeptonXDemoApp.Web\LeptonXDemoApp.Web.csproj", "{987F8E94-86A6-423E-907B-EE0EC67C733C}"
EndProject
Project("{9A19103F-16F7-4668-BE54-9A1E7A4F7556}") = "LeptonXDemoApp.MauiBlazor", "LeptonXDemoApp.MauiBlazor\LeptonXDemoApp.MauiBlazor.csproj", "{DB390394-357D-422C-9268-E63C6B0703C6}"
EndProject
Global
	GlobalSection(SolutionConfigurationPlatforms) = preSolution
		Debug|Any CPU = Debug|Any CPU
		Release|Any CPU = Release|Any CPU
	EndGlobalSection
	GlobalSection(ProjectConfigurationPlatforms) = postSolution
		{ED6C6EAE-4ABB-421D-AF06-36332150134F}.Debug|Any CPU.ActiveCfg = Debug|Any CPU
		{ED6C6EAE-4ABB-421D-AF06-36332150134F}.Debug|Any CPU.Build.0 = Debug|Any CPU
		{ED6C6EAE-4ABB-421D-AF06-36332150134F}.Release|Any CPU.ActiveCfg = Release|Any CPU
		{ED6C6EAE-4ABB-421D-AF06-36332150134F}.Release|Any CPU.Build.0 = Release|Any CPU
		{0E32351E-DFE7-4CCB-AA8E-E6444B11F092}.Debug|Any CPU.ActiveCfg = Debug|Any CPU
		{0E32351E-DFE7-4CCB-AA8E-E6444B11F092}.Debug|Any CPU.Build.0 = Debug|Any CPU
		{0E32351E-DFE7-4CCB-AA8E-E6444B11F092}.Release|Any CPU.ActiveCfg = Release|Any CPU
		{0E32351E-DFE7-4CCB-AA8E-E6444B11F092}.Release|Any CPU.Build.0 = Release|Any CPU
		{C487EBF1-7D37-4C22-9C9A-64C9535BCAE7}.Debug|Any CPU.ActiveCfg = Debug|Any CPU
		{C487EBF1-7D37-4C22-9C9A-64C9535BCAE7}.Debug|Any CPU.Build.0 = Debug|Any CPU
		{C487EBF1-7D37-4C22-9C9A-64C9535BCAE7}.Release|Any CPU.ActiveCfg = Release|Any CPU
		{C487EBF1-7D37-4C22-9C9A-64C9535BCAE7}.Release|Any CPU.Build.0 = Release|Any CPU
		{7CB6FCF5-A41F-43A2-A95F-489289A65C57}.Debug|Any CPU.ActiveCfg = Debug|Any CPU
		{7CB6FCF5-A41F-43A2-A95F-489289A65C57}.Debug|Any CPU.Build.0 = Debug|Any CPU
		{7CB6FCF5-A41F-43A2-A95F-489289A65C57}.Release|Any CPU.ActiveCfg = Release|Any CPU
		{7CB6FCF5-A41F-43A2-A95F-489289A65C57}.Release|Any CPU.Build.0 = Release|Any CPU
		{F931C084-DE99-488F-BE3E-EE0358D5CC8D}.Debug|Any CPU.ActiveCfg = Debug|Any CPU
		{F931C084-DE99-488F-BE3E-EE0358D5CC8D}.Debug|Any CPU.Build.0 = Debug|Any CPU
		{F931C084-DE99-488F-BE3E-EE0358D5CC8D}.Release|Any CPU.ActiveCfg = Release|Any CPU
		{F931C084-DE99-488F-BE3E-EE0358D5CC8D}.Release|Any CPU.Build.0 = Release|Any CPU
		{ED2A03E5-4A74-49CE-8CDC-5AE8FCCE04DE}.Debug|Any CPU.ActiveCfg = Debug|Any CPU
		{ED2A03E5-4A74-49CE-8CDC-5AE8FCCE04DE}.Debug|Any CPU.Build.0 = Debug|Any CPU
		{ED2A03E5-4A74-49CE-8CDC-5AE8FCCE04DE}.Release|Any CPU.ActiveCfg = Release|Any CPU
		{ED2A03E5-4A74-49CE-8CDC-5AE8FCCE04DE}.Release|Any CPU.Build.0 = Release|Any CPU
		{A7BB06A0-B874-44AD-9734-8D251E9EB856}.Debug|Any CPU.ActiveCfg = Debug|Any CPU
		{A7BB06A0-B874-44AD-9734-8D251E9EB856}.Debug|Any CPU.Build.0 = Debug|Any CPU
		{A7BB06A0-B874-44AD-9734-8D251E9EB856}.Release|Any CPU.ActiveCfg = Release|Any CPU
		{A7BB06A0-B874-44AD-9734-8D251E9EB856}.Release|Any CPU.Build.0 = Release|Any CPU
		{4EAB8727-EC29-4C67-9D57-FC538F81FDBE}.Debug|Any CPU.ActiveCfg = Debug|Any CPU
		{4EAB8727-EC29-4C67-9D57-FC538F81FDBE}.Debug|Any CPU.Build.0 = Debug|Any CPU
		{4EAB8727-EC29-4C67-9D57-FC538F81FDBE}.Release|Any CPU.ActiveCfg = Release|Any CPU
		{4EAB8727-EC29-4C67-9D57-FC538F81FDBE}.Release|Any CPU.Build.0 = Release|Any CPU
		{AB4E82B0-19F0-4C8D-AC35-F69B75886E4A}.Debug|Any CPU.ActiveCfg = Debug|Any CPU
		{AB4E82B0-19F0-4C8D-AC35-F69B75886E4A}.Debug|Any CPU.Build.0 = Debug|Any CPU
		{AB4E82B0-19F0-4C8D-AC35-F69B75886E4A}.Release|Any CPU.ActiveCfg = Release|Any CPU
		{AB4E82B0-19F0-4C8D-AC35-F69B75886E4A}.Release|Any CPU.Build.0 = Release|Any CPU
		{4B137AF1-F079-445D-BBF6-83591E591DBE}.Debug|Any CPU.ActiveCfg = Debug|Any CPU
		{4B137AF1-F079-445D-BBF6-83591E591DBE}.Debug|Any CPU.Build.0 = Debug|Any CPU
		{4B137AF1-F079-445D-BBF6-83591E591DBE}.Release|Any CPU.ActiveCfg = Release|Any CPU
		{4B137AF1-F079-445D-BBF6-83591E591DBE}.Release|Any CPU.Build.0 = Release|Any CPU
		{987F8E94-86A6-423E-907B-EE0EC67C733C}.Debug|Any CPU.ActiveCfg = Debug|Any CPU
		{987F8E94-86A6-423E-907B-EE0EC67C733C}.Debug|Any CPU.Build.0 = Debug|Any CPU
		{987F8E94-86A6-423E-907B-EE0EC67C733C}.Release|Any CPU.ActiveCfg = Release|Any CPU
		{987F8E94-86A6-423E-907B-EE0EC67C733C}.Release|Any CPU.Build.0 = Release|Any CPU
		{DB390394-357D-422C-9268-E63C6B0703C6}.Debug|Any CPU.ActiveCfg = Debug|Any CPU
		{DB390394-357D-422C-9268-E63C6B0703C6}.Debug|Any CPU.Build.0 = Debug|Any CPU
		{DB390394-357D-422C-9268-E63C6B0703C6}.Debug|Any CPU.Deploy.0 = Debug|Any CPU
		{DB390394-357D-422C-9268-E63C6B0703C6}.Release|Any CPU.ActiveCfg = Release|Any CPU
		{DB390394-357D-422C-9268-E63C6B0703C6}.Release|Any CPU.Build.0 = Release|Any CPU
		{DB390394-357D-422C-9268-E63C6B0703C6}.Release|Any CPU.Deploy.0 = Release|Any CPU
	EndGlobalSection
	GlobalSection(SolutionProperties) = preSolution
		HideSolutionNode = FALSE
	EndGlobalSection
	GlobalSection(NestedProjects) = preSolution
		{ED6C6EAE-4ABB-421D-AF06-36332150134F} = {F81D36A9-7B10-4B38-9744-E78AC2BD5208}
		{0E32351E-DFE7-4CCB-AA8E-E6444B11F092} = {F81D36A9-7B10-4B38-9744-E78AC2BD5208}
		{C487EBF1-7D37-4C22-9C9A-64C9535BCAE7} = {F81D36A9-7B10-4B38-9744-E78AC2BD5208}
		{7CB6FCF5-A41F-43A2-A95F-489289A65C57} = {F81D36A9-7B10-4B38-9744-E78AC2BD5208}
		{F931C084-DE99-488F-BE3E-EE0358D5CC8D} = {F81D36A9-7B10-4B38-9744-E78AC2BD5208}
		{ED2A03E5-4A74-49CE-8CDC-5AE8FCCE04DE} = {F81D36A9-7B10-4B38-9744-E78AC2BD5208}
		{A7BB06A0-B874-44AD-9734-8D251E9EB856} = {F81D36A9-7B10-4B38-9744-E78AC2BD5208}
		{4EAB8727-EC29-4C67-9D57-FC538F81FDBE} = {F81D36A9-7B10-4B38-9744-E78AC2BD5208}
		{AB4E82B0-19F0-4C8D-AC35-F69B75886E4A} = {F81D36A9-7B10-4B38-9744-E78AC2BD5208}
		{4B137AF1-F079-445D-BBF6-83591E591DBE} = {F81D36A9-7B10-4B38-9744-E78AC2BD5208}
		{987F8E94-86A6-423E-907B-EE0EC67C733C} = {F81D36A9-7B10-4B38-9744-E78AC2BD5208}
		{DB390394-357D-422C-9268-E63C6B0703C6} = {F81D36A9-7B10-4B38-9744-E78AC2BD5208}
	EndGlobalSection
	GlobalSection(ExtensibilityGlobals) = postSolution
		SolutionGuid = {F98A3889-7A20-4F19-B8B7-90AC41C39BDD}
	EndGlobalSection
EndGlobal
